<?xml version="1.0" encoding="UTF-8" standalone="yes" ?>
<CodeBlocks_project_file>
	<FileVersion major="1" minor="6" />
	<Project>
		<Option title="NxOgreTest" />
		<Option pch_mode="2" />
		<Option compiler="msvc8" />
		<Build>
			<Target title="debug">
				<Option output="bin\debug\NxOgreTest.exe" prefix_auto="1" extension_auto="1" />
				<Option object_output="obj\debug\" />
				<Option type="1" />
				<Option compiler="msvc8" />
				<Compiler>
					<Add option="/MDd" />
					<Add option="/TP" />
					<Add option="/Gm" />
					<Add option="/EHc" />
					<Add option="/EHs" />
					<Add option="/Od" />
					<Add option="/W3" />
					<Add option="/Zi /D_DEBUG" />
					<Add option="/Zi" />
					<Add option="/D_DEBUG" />
					<Add directory="..\include" />
				</Compiler>
				<Linker>
					<Add option="/DEBUG" />
				</Linker>
			</Target>
			<Target title="release">
				<Option output="bin\release\NxOgreTest.exe" prefix_auto="1" extension_auto="1" />
				<Option object_output="obj\release\" />
				<Option type="1" />
				<Option compiler="msvc8" />
				<Compiler>
					<Add option="/Ox" />
					<Add option="/DNDEBUG" />
				</Compiler>
			</Target>
		</Build>
		<Compiler>
			<Add option="/W3" />
		</Compiler>
		<Unit filename="..\include\resource.h" />
		<Unit filename="..\include\tutorialApplication.h" />
		<Unit filename="..\include\tutorialApplicationEihort.h" />
		<Unit filename="..\src\NxOgreTest.cpp" />
		<Extensions>
			<code_completion />
			<envvars />
		</Extensions>
	</Project>
</CodeBlocks_project_file>
