<?xml version="1.0" encoding="UTF-8" standalone="yes" ?>
<CodeBlocks_project_file>
	<FileVersion major="1" minor="6" />
	<Project>
		<Option title="PA10Meshes" />
		<Option pch_mode="2" />
		<Option compiler="gcc" />
		<Build>
			<Target title="debug">
				<Option output="bin\debug\PA10Meshes.exe" prefix_auto="1" extension_auto="1" />
				<Option object_output="obj\debug\" />
				<Option type="1" />
				<Option compiler="msvc8" />
				<Compiler>
					<Add option="/MDd" />
					<Add option="/TP" />
					<Add option="/RTC1" />
					<Add option="/Gm" />
					<Add option="/EHc" />
					<Add option="/EHs" />
					<Add option="/Od" />
					<Add option="/W3" />
					<Add option="/Wall" />
					<Add option="/ZI" />
					<Add option="/Zi /D_DEBUG" />
					<Add option="-g" />
					<Add directory="include" />
				</Compiler>
				<Linker>
					<Add option="/DEBUG" />
					<Add library="PhysXLoader.lib" />
					<Add library="OgreMain_d.lib" />
					<Add library="OIS_d.lib" />
					<Add library="kernel32.lib" />
					<Add library="user32.lib" />
					<Add library="gdi32.lib" />
					<Add library="winspool.lib" />
					<Add library="comdlg32.lib" />
					<Add library="advapi32.lib" />
					<Add library="shell32.lib" />
					<Add library="ole32.lib" />
					<Add library="oleaut32.lib" />
					<Add library="uuid.lib" />
					<Add library="odbc32.lib" />
					<Add library="odbccp32.lib" />
				</Linker>
			</Target>
			<Target title="release">
				<Option output="bin\release\PA10Meshes.exe" prefix_auto="1" extension_auto="1" />
				<Option object_output="obj\release\" />
				<Option type="1" />
				<Option compiler="gcc" />
				<Compiler>
					<Add option="-O2" />
				</Compiler>
				<Linker>
					<Add option="-s" />
				</Linker>
			</Target>
		</Build>
		<Compiler>
			<Add option="-Wall" />
		</Compiler>
		<Unit filename="include\ExampleApplication.h" />
		<Unit filename="include\ExampleFrameListener.h" />
		<Unit filename="include\NxOgreApplication.h" />
		<Unit filename="include\body.h" />
		<Unit filename="src\NxOgreApplication.cpp" />
		<Extensions>
			<code_completion />
			<envvars />
		</Extensions>
	</Project>
</CodeBlocks_project_file>
